// !$*UTF8*$!
{
	archiveVersion = 1;
	classes = {
	};
	objectVersion = 46;
	objects = {

/* Begin PBXBuildFile section */
		602D6F641B4734EC002CE58C /* AFFSToolkitVC.swift in Sources */ = {isa = PBXBuildFile; fileRef = 602D6F631B4734EC002CE58C /* AFFSToolkitVC.swift */; };
		602D6F661B48585B002CE58C /* AFFSToolkitWebviewVC.swift in Sources */ = {isa = PBXBuildFile; fileRef = 602D6F651B48585B002CE58C /* AFFSToolkitWebviewVC.swift */; };
		605707A51B1B972D008B4225 /* AppDelegate.swift in Sources */ = {isa = PBXBuildFile; fileRef = 605707A41B1B972D008B4225 /* AppDelegate.swift */; };
		605707A71B1B972D008B4225 /* AFViewController.swift in Sources */ = {isa = PBXBuildFile; fileRef = 605707A61B1B972D008B4225 /* AFViewController.swift */; };
		605707A91B1B972D008B4225 /* ArmyViewController.swift in Sources */ = {isa = PBXBuildFile; fileRef = 605707A81B1B972D008B4225 /* ArmyViewController.swift */; };
		605707AE1B1B972D008B4225 /* Images.xcassets in Resources */ = {isa = PBXBuildFile; fileRef = 605707AD1B1B972D008B4225 /* Images.xcassets */; };
		605707BD1B1B972D008B4225 /* Med_StandardsTests.swift in Sources */ = {isa = PBXBuildFile; fileRef = 605707BC1B1B972D008B4225 /* Med_StandardsTests.swift */; };
		605707C71B1B9A79008B4225 /* NavyViewController.swift in Sources */ = {isa = PBXBuildFile; fileRef = 605707C61B1B9A79008B4225 /* NavyViewController.swift */; };
		605707C91B1BA5ED008B4225 /* pdfjs in Resources */ = {isa = PBXBuildFile; fileRef = 605707C81B1BA5ED008B4225 /* pdfjs */; };
		605707CD1B1BA665008B4225 /* PDFs_AirForce in Resources */ = {isa = PBXBuildFile; fileRef = 605707CA1B1BA665008B4225 /* PDFs_AirForce */; };
		605707D11B1BAFD5008B4225 /* AFWebviewVC.swift in Sources */ = {isa = PBXBuildFile; fileRef = 605707D01B1BAFD5008B4225 /* AFWebviewVC.swift */; };
		607A9DB91B51C4A2007D5B84 /* PDFs_Navy in Resources */ = {isa = PBXBuildFile; fileRef = 607A9DB81B51C4A2007D5B84 /* PDFs_Navy */; };
		607A9DBB1B51C4A9007D5B84 /* PDFs_Army in Resources */ = {isa = PBXBuildFile; fileRef = 607A9DBA1B51C4A9007D5B84 /* PDFs_Army */; };
		607A9DBD1B52FB00007D5B84 /* AboutVC.swift in Sources */ = {isa = PBXBuildFile; fileRef = 607A9DBC1B52FB00007D5B84 /* AboutVC.swift */; };
		60C917691B1CBD8F00C9DBE7 /* NavyWebviewVC.swift in Sources */ = {isa = PBXBuildFile; fileRef = 60C917681B1CBD8F00C9DBE7 /* NavyWebviewVC.swift */; };
		60C9176B1B1CBDB800C9DBE7 /* ArmyWebviewVC.swift in Sources */ = {isa = PBXBuildFile; fileRef = 60C9176A1B1CBDB800C9DBE7 /* ArmyWebviewVC.swift */; };
		60DB622F1B488AFA0009CE03 /* Main.storyboard in Resources */ = {isa = PBXBuildFile; fileRef = 605707AA1B1B972D008B4225 /* Main.storyboard */; };
		60DB62301B488AFA0009CE03 /* LaunchScreen.xib in Resources */ = {isa = PBXBuildFile; fileRef = 605707AF1B1B972D008B4225 /* LaunchScreen.xib */; };
		60DB62321B488F1C0009CE03 /* AFOxConvVC.swift in Sources */ = {isa = PBXBuildFile; fileRef = 60DB62311B488F1C0009CE03 /* AFOxConvVC.swift */; };
		60DB62341B48A7DE0009CE03 /* AFOxConvAboutVC.swift in Sources */ = {isa = PBXBuildFile; fileRef = 60DB62331B48A7DE0009CE03 /* AFOxConvAboutVC.swift */; };
		60DB62361B48E52E0009CE03 /* AFRSVVC.swift in Sources */ = {isa = PBXBuildFile; fileRef = 60DB62351B48E52E0009CE03 /* AFRSVVC.swift */; };
		60DB62381B48E6090009CE03 /* AFRSVWebviewVC.swift in Sources */ = {isa = PBXBuildFile; fileRef = 60DB62371B48E6090009CE03 /* AFRSVWebviewVC.swift */; };
		60DD6E7E1B23E96D00657A2C /* AFOtherAFIVC.swift in Sources */ = {isa = PBXBuildFile; fileRef = 60DD6E7D1B23E96C00657A2C /* AFOtherAFIVC.swift */; };
		60DD6E801B23EDEC00657A2C /* AFOtherAFIWebviewVC.swift in Sources */ = {isa = PBXBuildFile; fileRef = 60DD6E7F1B23EDEC00657A2C /* AFOtherAFIWebviewVC.swift */; };
		60DD6EB31B25013B00657A2C /* Images in Resources */ = {isa = PBXBuildFile; fileRef = 60DD6EB21B25013B00657A2C /* Images */; };
/* End PBXBuildFile section */

/* Begin PBXContainerItemProxy section */
		605707B71B1B972D008B4225 /* PBXContainerItemProxy */ = {
			isa = PBXContainerItemProxy;
			containerPortal = 605707971B1B972D008B4225 /* Project object */;
			proxyType = 1;
			remoteGlobalIDString = 6057079E1B1B972D008B4225;
			remoteInfo = "Med Standards";
		};
/* End PBXContainerItemProxy section */

/* Begin PBXFileReference section */
		602D6F631B4734EC002CE58C /* AFFSToolkitVC.swift */ = {isa = PBXFileReference; fileEncoding = 4; lastKnownFileType = sourcecode.swift; path = AFFSToolkitVC.swift; sourceTree = "<group>"; };
		602D6F651B48585B002CE58C /* AFFSToolkitWebviewVC.swift */ = {isa = PBXFileReference; fileEncoding = 4; lastKnownFileType = sourcecode.swift; path = AFFSToolkitWebviewVC.swift; sourceTree = "<group>"; };
		6057079F1B1B972D008B4225 /* Med Standards.app */ = {isa = PBXFileReference; explicitFileType = wrapper.application; includeInIndex = 0; path = "Med Standards.app"; sourceTree = BUILT_PRODUCTS_DIR; };
		605707A31B1B972D008B4225 /* Info.plist */ = {isa = PBXFileReference; lastKnownFileType = text.plist.xml; path = Info.plist; sourceTree = "<group>"; };
		605707A41B1B972D008B4225 /* AppDelegate.swift */ = {isa = PBXFileReference; lastKnownFileType = sourcecode.swift; path = AppDelegate.swift; sourceTree = "<group>"; };
		605707A61B1B972D008B4225 /* AFViewController.swift */ = {isa = PBXFileReference; lastKnownFileType = sourcecode.swift; path = AFViewController.swift; sourceTree = "<group>"; };
		605707A81B1B972D008B4225 /* ArmyViewController.swift */ = {isa = PBXFileReference; lastKnownFileType = sourcecode.swift; path = ArmyViewController.swift; sourceTree = "<group>"; };
		605707AB1B1B972D008B4225 /* Base */ = {isa = PBXFileReference; lastKnownFileType = file.storyboard; name = Base; path = Base.lproj/Main.storyboard; sourceTree = "<group>"; };
		605707AD1B1B972D008B4225 /* Images.xcassets */ = {isa = PBXFileReference; lastKnownFileType = folder.assetcatalog; path = Images.xcassets; sourceTree = "<group>"; };
		605707B01B1B972D008B4225 /* Base */ = {isa = PBXFileReference; lastKnownFileType = file.xib; name = Base; path = Base.lproj/LaunchScreen.xib; sourceTree = "<group>"; };
		605707B61B1B972D008B4225 /* Med StandardsTests.xctest */ = {isa = PBXFileReference; explicitFileType = wrapper.cfbundle; includeInIndex = 0; path = "Med StandardsTests.xctest"; sourceTree = BUILT_PRODUCTS_DIR; };
		605707BB1B1B972D008B4225 /* Info.plist */ = {isa = PBXFileReference; lastKnownFileType = text.plist.xml; path = Info.plist; sourceTree = "<group>"; };
		605707BC1B1B972D008B4225 /* Med_StandardsTests.swift */ = {isa = PBXFileReference; lastKnownFileType = sourcecode.swift; path = Med_StandardsTests.swift; sourceTree = "<group>"; };
		605707C61B1B9A79008B4225 /* NavyViewController.swift */ = {isa = PBXFileReference; fileEncoding = 4; lastKnownFileType = sourcecode.swift; path = NavyViewController.swift; sourceTree = "<group>"; };
		605707C81B1BA5ED008B4225 /* pdfjs */ = {isa = PBXFileReference; lastKnownFileType = folder; path = pdfjs; sourceTree = "<group>"; };
		605707CA1B1BA665008B4225 /* PDFs_AirForce */ = {isa = PBXFileReference; lastKnownFileType = folder; path = PDFs_AirForce; sourceTree = "<group>"; };
		605707D01B1BAFD5008B4225 /* AFWebviewVC.swift */ = {isa = PBXFileReference; fileEncoding = 4; lastKnownFileType = sourcecode.swift; path = AFWebviewVC.swift; sourceTree = "<group>"; };
		607A9DB81B51C4A2007D5B84 /* PDFs_Navy */ = {isa = PBXFileReference; lastKnownFileType = folder; path = PDFs_Navy; sourceTree = "<group>"; };
		607A9DBA1B51C4A9007D5B84 /* PDFs_Army */ = {isa = PBXFileReference; lastKnownFileType = folder; path = PDFs_Army; sourceTree = "<group>"; };
		607A9DBC1B52FB00007D5B84 /* AboutVC.swift */ = {isa = PBXFileReference; fileEncoding = 4; lastKnownFileType = sourcecode.swift; path = AboutVC.swift; sourceTree = "<group>"; };
		60C917681B1CBD8F00C9DBE7 /* NavyWebviewVC.swift */ = {isa = PBXFileReference; fileEncoding = 4; lastKnownFileType = sourcecode.swift; path = NavyWebviewVC.swift; sourceTree = "<group>"; };
		60C9176A1B1CBDB800C9DBE7 /* ArmyWebviewVC.swift */ = {isa = PBXFileReference; fileEncoding = 4; lastKnownFileType = sourcecode.swift; path = ArmyWebviewVC.swift; sourceTree = "<group>"; };
		60DB62311B488F1C0009CE03 /* AFOxConvVC.swift */ = {isa = PBXFileReference; fileEncoding = 4; lastKnownFileType = sourcecode.swift; path = AFOxConvVC.swift; sourceTree = "<group>"; };
		60DB62331B48A7DE0009CE03 /* AFOxConvAboutVC.swift */ = {isa = PBXFileReference; fileEncoding = 4; lastKnownFileType = sourcecode.swift; path = AFOxConvAboutVC.swift; sourceTree = "<group>"; };
		60DB62351B48E52E0009CE03 /* AFRSVVC.swift */ = {isa = PBXFileReference; fileEncoding = 4; lastKnownFileType = sourcecode.swift; path = AFRSVVC.swift; sourceTree = "<group>"; };
		60DB62371B48E6090009CE03 /* AFRSVWebviewVC.swift */ = {isa = PBXFileReference; fileEncoding = 4; lastKnownFileType = sourcecode.swift; path = AFRSVWebviewVC.swift; sourceTree = "<group>"; };
		60DD6E7D1B23E96C00657A2C /* AFOtherAFIVC.swift */ = {isa = PBXFileReference; fileEncoding = 4; lastKnownFileType = sourcecode.swift; path = AFOtherAFIVC.swift; sourceTree = "<group>"; };
		60DD6E7F1B23EDEC00657A2C /* AFOtherAFIWebviewVC.swift */ = {isa = PBXFileReference; fileEncoding = 4; lastKnownFileType = sourcecode.swift; path = AFOtherAFIWebviewVC.swift; sourceTree = "<group>"; };
		60DD6EB21B25013B00657A2C /* Images */ = {isa = PBXFileReference; lastKnownFileType = folder; path = Images; sourceTree = "<group>"; };
/* End PBXFileReference section */

/* Begin PBXFrameworksBuildPhase section */
		6057079C1B1B972D008B4225 /* Frameworks */ = {
			isa = PBXFrameworksBuildPhase;
			buildActionMask = 2147483647;
			files = (
			);
			runOnlyForDeploymentPostprocessing = 0;
		};
		605707B31B1B972D008B4225 /* Frameworks */ = {
			isa = PBXFrameworksBuildPhase;
			buildActionMask = 2147483647;
			files = (
			);
			runOnlyForDeploymentPostprocessing = 0;
		};
/* End PBXFrameworksBuildPhase section */

/* Begin PBXGroup section */
		605707961B1B972D008B4225 = {
			isa = PBXGroup;
			children = (
				605707A11B1B972D008B4225 /* Med Standards */,
				605707B91B1B972D008B4225 /* Med StandardsTests */,
				605707A01B1B972D008B4225 /* Products */,
			);
			sourceTree = "<group>";
		};
		605707A01B1B972D008B4225 /* Products */ = {
			isa = PBXGroup;
			children = (
				6057079F1B1B972D008B4225 /* Med Standards.app */,
				605707B61B1B972D008B4225 /* Med StandardsTests.xctest */,
			);
			name = Products;
			sourceTree = "<group>";
		};
		605707A11B1B972D008B4225 /* Med Standards */ = {
			isa = PBXGroup;
			children = (
				605707A41B1B972D008B4225 /* AppDelegate.swift */,
				605707A61B1B972D008B4225 /* AFViewController.swift */,
				602D6F651B48585B002CE58C /* AFFSToolkitWebviewVC.swift */,
				602D6F631B4734EC002CE58C /* AFFSToolkitVC.swift */,
				60DD6E7D1B23E96C00657A2C /* AFOtherAFIVC.swift */,
				60DD6E7F1B23EDEC00657A2C /* AFOtherAFIWebviewVC.swift */,
				60DB62331B48A7DE0009CE03 /* AFOxConvAboutVC.swift */,
				60DB62311B488F1C0009CE03 /* AFOxConvVC.swift */,
				60DB62351B48E52E0009CE03 /* AFRSVVC.swift */,
				60DB62371B48E6090009CE03 /* AFRSVWebviewVC.swift */,
				605707D01B1BAFD5008B4225 /* AFWebviewVC.swift */,
				605707A81B1B972D008B4225 /* ArmyViewController.swift */,
				60C9176A1B1CBDB800C9DBE7 /* ArmyWebviewVC.swift */,
				605707C61B1B9A79008B4225 /* NavyViewController.swift */,
				60C917681B1CBD8F00C9DBE7 /* NavyWebviewVC.swift */,
				605707AA1B1B972D008B4225 /* Main.storyboard */,
				607A9DBC1B52FB00007D5B84 /* AboutVC.swift */,
				605707AD1B1B972D008B4225 /* Images.xcassets */,
				605707AF1B1B972D008B4225 /* LaunchScreen.xib */,
				605707A21B1B972D008B4225 /* Supporting Files */,
			);
			path = "Med Standards";
			sourceTree = "<group>";
		};
		605707A21B1B972D008B4225 /* Supporting Files */ = {
			isa = PBXGroup;
			children = (
				607A9DBA1B51C4A9007D5B84 /* PDFs_Army */,
				607A9DB81B51C4A2007D5B84 /* PDFs_Navy */,
				60DD6EB21B25013B00657A2C /* Images */,
				605707CA1B1BA665008B4225 /* PDFs_AirForce */,
				605707C81B1BA5ED008B4225 /* pdfjs */,
				605707A31B1B972D008B4225 /* Info.plist */,
			);
			name = "Supporting Files";
			sourceTree = "<group>";
		};
		605707B91B1B972D008B4225 /* Med StandardsTests */ = {
			isa = PBXGroup;
			children = (
				605707BC1B1B972D008B4225 /* Med_StandardsTests.swift */,
				605707BA1B1B972D008B4225 /* Supporting Files */,
			);
			path = "Med StandardsTests";
			sourceTree = "<group>";
		};
		605707BA1B1B972D008B4225 /* Supporting Files */ = {
			isa = PBXGroup;
			children = (
				605707BB1B1B972D008B4225 /* Info.plist */,
			);
			name = "Supporting Files";
			sourceTree = "<group>";
		};
/* End PBXGroup section */

/* Begin PBXNativeTarget section */
		6057079E1B1B972D008B4225 /* Med Standards */ = {
			isa = PBXNativeTarget;
			buildConfigurationList = 605707C01B1B972D008B4225 /* Build configuration list for PBXNativeTarget "Med Standards" */;
			buildPhases = (
				6057079B1B1B972D008B4225 /* Sources */,
				6057079C1B1B972D008B4225 /* Frameworks */,
				6057079D1B1B972D008B4225 /* Resources */,
			);
			buildRules = (
			);
			dependencies = (
			);
			name = "Med Standards";
			productName = "Med Standards";
			productReference = 6057079F1B1B972D008B4225 /* Med Standards.app */;
			productType = "com.apple.product-type.application";
		};
		605707B51B1B972D008B4225 /* Med StandardsTests */ = {
			isa = PBXNativeTarget;
			buildConfigurationList = 605707C31B1B972D008B4225 /* Build configuration list for PBXNativeTarget "Med StandardsTests" */;
			buildPhases = (
				605707B21B1B972D008B4225 /* Sources */,
				605707B31B1B972D008B4225 /* Frameworks */,
				605707B41B1B972D008B4225 /* Resources */,
			);
			buildRules = (
			);
			dependencies = (
				605707B81B1B972D008B4225 /* PBXTargetDependency */,
			);
			name = "Med StandardsTests";
			productName = "Med StandardsTests";
			productReference = 605707B61B1B972D008B4225 /* Med StandardsTests.xctest */;
			productType = "com.apple.product-type.bundle.unit-test";
		};
/* End PBXNativeTarget section */

/* Begin PBXProject section */
		605707971B1B972D008B4225 /* Project object */ = {
			isa = PBXProject;
			attributes = {
				LastSwiftUpdateCheck = 0720;
				LastUpgradeCheck = 0900;
				ORGANIZATIONNAME = ColbyCo;
				TargetAttributes = {
					6057079E1B1B972D008B4225 = {
						CreatedOnToolsVersion = 6.3.2;
						DevelopmentTeam = VMZ32M4SZF;
						LastSwiftMigration = 0900;
						ProvisioningStyle = Automatic;
					};
					605707B51B1B972D008B4225 = {
						CreatedOnToolsVersion = 6.3.2;
						LastSwiftMigration = 0900;
						TestTargetID = 6057079E1B1B972D008B4225;
					};
				};
			};
			buildConfigurationList = 6057079A1B1B972D008B4225 /* Build configuration list for PBXProject "Med Standards" */;
			compatibilityVersion = "Xcode 3.2";
			developmentRegion = English;
			hasScannedForEncodings = 0;
			knownRegions = (
				en,
				Base,
			);
			mainGroup = 605707961B1B972D008B4225;
			productRefGroup = 605707A01B1B972D008B4225 /* Products */;
			projectDirPath = "";
			projectRoot = "";
			targets = (
				6057079E1B1B972D008B4225 /* Med Standards */,
				605707B51B1B972D008B4225 /* Med StandardsTests */,
			);
		};
/* End PBXProject section */

/* Begin PBXResourcesBuildPhase section */
		6057079D1B1B972D008B4225 /* Resources */ = {
			isa = PBXResourcesBuildPhase;
			buildActionMask = 2147483647;
			files = (
				60DB622F1B488AFA0009CE03 /* Main.storyboard in Resources */,
				60DB62301B488AFA0009CE03 /* LaunchScreen.xib in Resources */,
				605707C91B1BA5ED008B4225 /* pdfjs in Resources */,
				605707AE1B1B972D008B4225 /* Images.xcassets in Resources */,
				60DD6EB31B25013B00657A2C /* Images in Resources */,
				605707CD1B1BA665008B4225 /* PDFs_AirForce in Resources */,
				607A9DBB1B51C4A9007D5B84 /* PDFs_Army in Resources */,
				607A9DB91B51C4A2007D5B84 /* PDFs_Navy in Resources */,
			);
			runOnlyForDeploymentPostprocessing = 0;
		};
		605707B41B1B972D008B4225 /* Resources */ = {
			isa = PBXResourcesBuildPhase;
			buildActionMask = 2147483647;
			files = (
			);
			runOnlyForDeploymentPostprocessing = 0;
		};
/* End PBXResourcesBuildPhase section */

/* Begin PBXSourcesBuildPhase section */
		6057079B1B1B972D008B4225 /* Sources */ = {
			isa = PBXSourcesBuildPhase;
			buildActionMask = 2147483647;
			files = (
				60DB62321B488F1C0009CE03 /* AFOxConvVC.swift in Sources */,
				605707C71B1B9A79008B4225 /* NavyViewController.swift in Sources */,
				605707D11B1BAFD5008B4225 /* AFWebviewVC.swift in Sources */,
				602D6F661B48585B002CE58C /* AFFSToolkitWebviewVC.swift in Sources */,
				60DB62381B48E6090009CE03 /* AFRSVWebviewVC.swift in Sources */,
				60C917691B1CBD8F00C9DBE7 /* NavyWebviewVC.swift in Sources */,
				605707A91B1B972D008B4225 /* ArmyViewController.swift in Sources */,
				60DB62341B48A7DE0009CE03 /* AFOxConvAboutVC.swift in Sources */,
				60DB62361B48E52E0009CE03 /* AFRSVVC.swift in Sources */,
				605707A51B1B972D008B4225 /* AppDelegate.swift in Sources */,
				602D6F641B4734EC002CE58C /* AFFSToolkitVC.swift in Sources */,
				60C9176B1B1CBDB800C9DBE7 /* ArmyWebviewVC.swift in Sources */,
				607A9DBD1B52FB00007D5B84 /* AboutVC.swift in Sources */,
				605707A71B1B972D008B4225 /* AFViewController.swift in Sources */,
				60DD6E801B23EDEC00657A2C /* AFOtherAFIWebviewVC.swift in Sources */,
				60DD6E7E1B23E96D00657A2C /* AFOtherAFIVC.swift in Sources */,
			);
			runOnlyForDeploymentPostprocessing = 0;
		};
		605707B21B1B972D008B4225 /* Sources */ = {
			isa = PBXSourcesBuildPhase;
			buildActionMask = 2147483647;
			files = (
				605707BD1B1B972D008B4225 /* Med_StandardsTests.swift in Sources */,
			);
			runOnlyForDeploymentPostprocessing = 0;
		};
/* End PBXSourcesBuildPhase section */

/* Begin PBXTargetDependency section */
		605707B81B1B972D008B4225 /* PBXTargetDependency */ = {
			isa = PBXTargetDependency;
			target = 6057079E1B1B972D008B4225 /* Med Standards */;
			targetProxy = 605707B71B1B972D008B4225 /* PBXContainerItemProxy */;
		};
/* End PBXTargetDependency section */

/* Begin PBXVariantGroup section */
		605707AA1B1B972D008B4225 /* Main.storyboard */ = {
			isa = PBXVariantGroup;
			children = (
				605707AB1B1B972D008B4225 /* Base */,
			);
			name = Main.storyboard;
			sourceTree = "<group>";
		};
		605707AF1B1B972D008B4225 /* LaunchScreen.xib */ = {
			isa = PBXVariantGroup;
			children = (
				605707B01B1B972D008B4225 /* Base */,
			);
			name = LaunchScreen.xib;
			sourceTree = "<group>";
		};
/* End PBXVariantGroup section */

/* Begin XCBuildConfiguration section */
		605707BE1B1B972D008B4225 /* Debug */ = {
			isa = XCBuildConfiguration;
			buildSettings = {
				ALWAYS_SEARCH_USER_PATHS = NO;
				CLANG_CXX_LANGUAGE_STANDARD = "gnu++0x";
				CLANG_CXX_LIBRARY = "libc++";
				CLANG_ENABLE_MODULES = YES;
				CLANG_ENABLE_OBJC_ARC = YES;
				CLANG_WARN_BLOCK_CAPTURE_AUTORELEASING = YES;
				CLANG_WARN_BOOL_CONVERSION = YES;
				CLANG_WARN_COMMA = YES;
				CLANG_WARN_CONSTANT_CONVERSION = YES;
				CLANG_WARN_DIRECT_OBJC_ISA_USAGE = YES_ERROR;
				CLANG_WARN_EMPTY_BODY = YES;
				CLANG_WARN_ENUM_CONVERSION = YES;
				CLANG_WARN_INFINITE_RECURSION = YES;
				CLANG_WARN_INT_CONVERSION = YES;
				CLANG_WARN_NON_LITERAL_NULL_CONVERSION = YES;
				CLANG_WARN_OBJC_LITERAL_CONVERSION = YES;
				CLANG_WARN_OBJC_ROOT_CLASS = YES_ERROR;
				CLANG_WARN_RANGE_LOOP_ANALYSIS = YES;
				CLANG_WARN_STRICT_PROTOTYPES = YES;
				CLANG_WARN_SUSPICIOUS_MOVE = YES;
				CLANG_WARN_UNREACHABLE_CODE = YES;
				CLANG_WARN__DUPLICATE_METHOD_MATCH = YES;
				"CODE_SIGN_IDENTITY[sdk=iphoneos*]" = "iPhone Developer";
				COPY_PHASE_STRIP = NO;
				DEBUG_INFORMATION_FORMAT = "dwarf-with-dsym";
				ENABLE_STRICT_OBJC_MSGSEND = YES;
				ENABLE_TESTABILITY = YES;
				GCC_C_LANGUAGE_STANDARD = gnu99;
				GCC_DYNAMIC_NO_PIC = NO;
				GCC_NO_COMMON_BLOCKS = YES;
				GCC_OPTIMIZATION_LEVEL = 0;
				GCC_PREPROCESSOR_DEFINITIONS = (
					"DEBUG=1",
					"$(inherited)",
				);
				GCC_SYMBOLS_PRIVATE_EXTERN = NO;
				GCC_WARN_64_TO_32_BIT_CONVERSION = YES;
				GCC_WARN_ABOUT_RETURN_TYPE = YES_ERROR;
				GCC_WARN_UNDECLARED_SELECTOR = YES;
				GCC_WARN_UNINITIALIZED_AUTOS = YES_AGGRESSIVE;
				GCC_WARN_UNUSED_FUNCTION = YES;
				GCC_WARN_UNUSED_VARIABLE = YES;
				IPHONEOS_DEPLOYMENT_TARGET = 9.3;
				MTL_ENABLE_DEBUG_INFO = YES;
				ONLY_ACTIVE_ARCH = YES;
				SDKROOT = iphoneos;
				SWIFT_OPTIMIZATION_LEVEL = "-Onone";
				TARGETED_DEVICE_FAMILY = "1,2";
			};
			name = Debug;
		};
		605707BF1B1B972D008B4225 /* Release */ = {
			isa = XCBuildConfiguration;
			buildSettings = {
				ALWAYS_SEARCH_USER_PATHS = NO;
				CLANG_CXX_LANGUAGE_STANDARD = "gnu++0x";
				CLANG_CXX_LIBRARY = "libc++";
				CLANG_ENABLE_MODULES = YES;
				CLANG_ENABLE_OBJC_ARC = YES;
				CLANG_WARN_BLOCK_CAPTURE_AUTORELEASING = YES;
				CLANG_WARN_BOOL_CONVERSION = YES;
				CLANG_WARN_COMMA = YES;
				CLANG_WARN_CONSTANT_CONVERSION = YES;
				CLANG_WARN_DIRECT_OBJC_ISA_USAGE = YES_ERROR;
				CLANG_WARN_EMPTY_BODY = YES;
				CLANG_WARN_ENUM_CONVERSION = YES;
				CLANG_WARN_INFINITE_RECURSION = YES;
				CLANG_WARN_INT_CONVERSION = YES;
				CLANG_WARN_NON_LITERAL_NULL_CONVERSION = YES;
				CLANG_WARN_OBJC_LITERAL_CONVERSION = YES;
				CLANG_WARN_OBJC_ROOT_CLASS = YES_ERROR;
				CLANG_WARN_RANGE_LOOP_ANALYSIS = YES;
				CLANG_WARN_STRICT_PROTOTYPES = YES;
				CLANG_WARN_SUSPICIOUS_MOVE = YES;
				CLANG_WARN_UNREACHABLE_CODE = YES;
				CLANG_WARN__DUPLICATE_METHOD_MATCH = YES;
				"CODE_SIGN_IDENTITY[sdk=iphoneos*]" = "iPhone Developer";
				COPY_PHASE_STRIP = NO;
				DEBUG_INFORMATION_FORMAT = "dwarf-with-dsym";
				ENABLE_NS_ASSERTIONS = NO;
				ENABLE_STRICT_OBJC_MSGSEND = YES;
				GCC_C_LANGUAGE_STANDARD = gnu99;
				GCC_NO_COMMON_BLOCKS = YES;
				GCC_WARN_64_TO_32_BIT_CONVERSION = YES;
				GCC_WARN_ABOUT_RETURN_TYPE = YES_ERROR;
				GCC_WARN_UNDECLARED_SELECTOR = YES;
				GCC_WARN_UNINITIALIZED_AUTOS = YES_AGGRESSIVE;
				GCC_WARN_UNUSED_FUNCTION = YES;
				GCC_WARN_UNUSED_VARIABLE = YES;
				IPHONEOS_DEPLOYMENT_TARGET = 9.3;
				MTL_ENABLE_DEBUG_INFO = NO;
				SDKROOT = iphoneos;
				SWIFT_OPTIMIZATION_LEVEL = "-Owholemodule";
				TARGETED_DEVICE_FAMILY = "1,2";
				VALIDATE_PRODUCT = YES;
			};
			name = Release;
		};
		605707C11B1B972D008B4225 /* Debug */ = {
			isa = XCBuildConfiguration;
			buildSettings = {
				ASSETCATALOG_COMPILER_APPICON_NAME = AppIcon;
				CODE_SIGN_IDENTITY = "iPhone Developer";
				"CODE_SIGN_IDENTITY[sdk=iphoneos*]" = "iPhone Developer";
				CODE_SIGN_STYLE = Automatic;
				DEVELOPMENT_TEAM = VMZ32M4SZF;
				INFOPLIST_FILE = "Med Standards/Info.plist";
				IPHONEOS_DEPLOYMENT_TARGET = 9.3;
				LD_RUNPATH_SEARCH_PATHS = "$(inherited) @executable_path/Frameworks";
				PRODUCT_BUNDLE_IDENTIFIER = "com.ColbyCo.$(PRODUCT_NAME:rfc1034identifier)";
				PRODUCT_NAME = "$(TARGET_NAME)";
				PROVISIONING_PROFILE = "";
				PROVISIONING_PROFILE_SPECIFIER = "";
				SWIFT_SWIFT3_OBJC_INFERENCE = Default;
				SWIFT_VERSION = 4.0;
			};
			name = Debug;
		};
		605707C21B1B972D008B4225 /* Release */ = {
			isa = XCBuildConfiguration;
			buildSettings = {
				ASSETCATALOG_COMPILER_APPICON_NAME = AppIcon;
				CODE_SIGN_IDENTITY = "iPhone Developer";
				"CODE_SIGN_IDENTITY[sdk=iphoneos*]" = "iPhone Developer";
				CODE_SIGN_STYLE = Automatic;
				DEVELOPMENT_TEAM = VMZ32M4SZF;
				INFOPLIST_FILE = "Med Standards/Info.plist";
				IPHONEOS_DEPLOYMENT_TARGET = 9.3;
				LD_RUNPATH_SEARCH_PATHS = "$(inherited) @executable_path/Frameworks";
				PRODUCT_BUNDLE_IDENTIFIER = "com.ColbyCo.$(PRODUCT_NAME:rfc1034identifier)";
				PRODUCT_NAME = "$(TARGET_NAME)";
				PROVISIONING_PROFILE = "";
				PROVISIONING_PROFILE_SPECIFIER = "";
				SWIFT_SWIFT3_OBJC_INFERENCE = Default;
				SWIFT_VERSION = 4.0;
			};
			name = Release;
		};
		605707C41B1B972D008B4225 /* Debug */ = {
			isa = XCBuildConfiguration;
			buildSettings = {
				BUNDLE_LOADER = "$(TEST_HOST)";
				FRAMEWORK_SEARCH_PATHS = (
					"$(SDKROOT)/Developer/Library/Frameworks",
					"$(inherited)",
				);
				GCC_PREPROCESSOR_DEFINITIONS = (
					"DEBUG=1",
					"$(inherited)",
				);
				INFOPLIST_FILE = "Med StandardsTests/Info.plist";
				LD_RUNPATH_SEARCH_PATHS = "$(inherited) @executable_path/Frameworks @loader_path/Frameworks";
				PRODUCT_BUNDLE_IDENTIFIER = "com.ColbyCo.$(PRODUCT_NAME:rfc1034identifier)";
				PRODUCT_NAME = "$(TARGET_NAME)";
				SWIFT_SWIFT3_OBJC_INFERENCE = On;
				SWIFT_VERSION = 4.0;
				TEST_HOST = "$(BUILT_PRODUCTS_DIR)/Med Standards.app/Med Standards";
			};
			name = Debug;
		};
		605707C51B1B972D008B4225 /* Release */ = {
			isa = XCBuildConfiguration;
			buildSettings = {
				BUNDLE_LOADER = "$(TEST_HOST)";
				FRAMEWORK_SEARCH_PATHS = (
					"$(SDKROOT)/Developer/Library/Frameworks",
					"$(inherited)",
				);
				INFOPLIST_FILE = "Med StandardsTests/Info.plist";
				LD_RUNPATH_SEARCH_PATHS = "$(inherited) @executable_path/Frameworks @loader_path/Frameworks";
				PRODUCT_BUNDLE_IDENTIFIER = "com.ColbyCo.$(PRODUCT_NAME:rfc1034identifier)";
				PRODUCT_NAME = "$(TARGET_NAME)";
				SWIFT_SWIFT3_OBJC_INFERENCE = On;
				SWIFT_VERSION = 4.0;
				TEST_HOST = "$(BUILT_PRODUCTS_DIR)/Med Standards.app/Med Standards";
			};
			name = Release;
		};
/* End XCBuildConfiguration section */

/* Begin XCConfigurationList section */
		6057079A1B1B972D008B4225 /* Build configuration list for PBXProject "Med Standards" */ = {
			isa = XCConfigurationList;
			buildConfigurations = (
				605707BE1B1B972D008B4225 /* Debug */,
				605707BF1B1B972D008B4225 /* Release */,
			);
			defaultConfigurationIsVisible = 0;
			defaultConfigurationName = Release;
		};
		605707C01B1B972D008B4225 /* Build configuration list for PBXNativeTarget "Med Standards" */ = {
			isa = XCConfigurationList;
			buildConfigurations = (
				605707C11B1B972D008B4225 /* Debug */,
				605707C21B1B972D008B4225 /* Release */,
			);
			defaultConfigurationIsVisible = 0;
			defaultConfigurationName = Release;
		};
		605707C31B1B972D008B4225 /* Build configuration list for PBXNativeTarget "Med StandardsTests" */ = {
			isa = XCConfigurationList;
			buildConfigurations = (
				605707C41B1B972D008B4225 /* Debug */,
				605707C51B1B972D008B4225 /* Release */,
			);
			defaultConfigurationIsVisible = 0;
			defaultConfigurationName = Release;
		};
/* End XCConfigurationList section */
	};
	rootObject = 605707971B1B972D008B4225 /* Project object */;
}
